
Microsoft Visual Studio Solution File, Format Version 12.00
# Visual Studio 15
VisualStudioVersion = 15.0.26730.8
MinimumVisualStudioVersion = 10.0.40219.1
Project("{2150E333-8FDC-42A3-9474-1A3956D46DE8}") = "Solution Items", "Solution Items", "{11CBAB43-52AF-44E9-A022-A2812BFDB648}"
	ProjectSection(SolutionItems) = preProject
		README.md = README.md
	EndProjectSection
EndProject
Project("{A07B5EB6-E848-4116-A8D0-A826331D98C6}") = "BasicApp", "BasicApp\BasicApp.sfproj", "{B6E20EEF-65CF-458C-A483-95EDA90E8B09}"
EndProject
Project("{9A19103F-16F7-4668-BE54-9A1E7A4F7556}") = "Basic.UserSvc", "Basic.UserSvc\Basic.UserSvc.csproj", "{50EF5880-31E0-4318-8724-A4F6CCB0015B}"
EndProject
Project("{FAE04EC0-301F-11D3-BF4B-00C04F79EFBC}") = "Basic.Common", "Basic.Common\Basic.Common.csproj", "{A4FB1FEE-756F-4071-9F91-714807D75D16}"
EndProject
Project("{9A19103F-16F7-4668-BE54-9A1E7A4F7556}") = "Microsoft.ServiceFabric.Services.Queryable", "..\..\src\Microsoft.ServiceFabric.Services.Queryable\Microsoft.ServiceFabric.Services.Queryable.csproj", "{4B9D2C27-562E-48A5-BAD1-B66E67413943}"
EndProject
Project("{9A19103F-16F7-4668-BE54-9A1E7A4F7556}") = "Basic.ProductSvc", "Basic.ProductSvc\Basic.ProductSvc.csproj", "{473EC494-B2EE-4EBF-A3B1-03C714E5B948}"
EndProject
Global
	GlobalSection(SolutionConfigurationPlatforms) = preSolution
		Debug|Any CPU = Debug|Any CPU
		Debug|x64 = Debug|x64
		Release|Any CPU = Release|Any CPU
		Release|x64 = Release|x64
	EndGlobalSection
	GlobalSection(ProjectConfigurationPlatforms) = postSolution
		{B6E20EEF-65CF-458C-A483-95EDA90E8B09}.Debug|Any CPU.ActiveCfg = Debug|x64
		{B6E20EEF-65CF-458C-A483-95EDA90E8B09}.Debug|x64.ActiveCfg = Debug|x64
		{B6E20EEF-65CF-458C-A483-95EDA90E8B09}.Debug|x64.Build.0 = Debug|x64
		{B6E20EEF-65CF-458C-A483-95EDA90E8B09}.Debug|x64.Deploy.0 = Debug|x64
		{B6E20EEF-65CF-458C-A483-95EDA90E8B09}.Release|Any CPU.ActiveCfg = Release|x64
		{B6E20EEF-65CF-458C-A483-95EDA90E8B09}.Release|x64.ActiveCfg = Release|x64
		{B6E20EEF-65CF-458C-A483-95EDA90E8B09}.Release|x64.Build.0 = Release|x64
		{B6E20EEF-65CF-458C-A483-95EDA90E8B09}.Release|x64.Deploy.0 = Release|x64
		{50EF5880-31E0-4318-8724-A4F6CCB0015B}.Debug|Any CPU.ActiveCfg = Debug|Any CPU
		{50EF5880-31E0-4318-8724-A4F6CCB0015B}.Debug|Any CPU.Build.0 = Debug|Any CPU
		{50EF5880-31E0-4318-8724-A4F6CCB0015B}.Debug|x64.ActiveCfg = Debug|Any CPU
		{50EF5880-31E0-4318-8724-A4F6CCB0015B}.Debug|x64.Build.0 = Debug|Any CPU
		{50EF5880-31E0-4318-8724-A4F6CCB0015B}.Release|Any CPU.ActiveCfg = Release|Any CPU
		{50EF5880-31E0-4318-8724-A4F6CCB0015B}.Release|Any CPU.Build.0 = Release|Any CPU
		{50EF5880-31E0-4318-8724-A4F6CCB0015B}.Release|x64.ActiveCfg = Release|Any CPU
		{50EF5880-31E0-4318-8724-A4F6CCB0015B}.Release|x64.Build.0 = Release|Any CPU
		{A4FB1FEE-756F-4071-9F91-714807D75D16}.Debug|Any CPU.ActiveCfg = Debug|x64
		{A4FB1FEE-756F-4071-9F91-714807D75D16}.Debug|x64.ActiveCfg = Debug|x64
		{A4FB1FEE-756F-4071-9F91-714807D75D16}.Debug|x64.Build.0 = Debug|x64
		{A4FB1FEE-756F-4071-9F91-714807D75D16}.Release|Any CPU.ActiveCfg = Release|x64
		{A4FB1FEE-756F-4071-9F91-714807D75D16}.Release|x64.ActiveCfg = Release|x64
		{A4FB1FEE-756F-4071-9F91-714807D75D16}.Release|x64.Build.0 = Release|x64
		{4B9D2C27-562E-48A5-BAD1-B66E67413943}.Debug|Any CPU.ActiveCfg = Debug|Any CPU
		{4B9D2C27-562E-48A5-BAD1-B66E67413943}.Debug|Any CPU.Build.0 = Debug|Any CPU
		{4B9D2C27-562E-48A5-BAD1-B66E67413943}.Debug|x64.ActiveCfg = Debug|Any CPU
		{4B9D2C27-562E-48A5-BAD1-B66E67413943}.Debug|x64.Build.0 = Debug|Any CPU
		{4B9D2C27-562E-48A5-BAD1-B66E67413943}.Release|Any CPU.ActiveCfg = Release|Any CPU
		{4B9D2C27-562E-48A5-BAD1-B66E67413943}.Release|Any CPU.Build.0 = Release|Any CPU
		{4B9D2C27-562E-48A5-BAD1-B66E67413943}.Release|x64.ActiveCfg = Release|Any CPU
		{4B9D2C27-562E-48A5-BAD1-B66E67413943}.Release|x64.Build.0 = Release|Any CPU
		{473EC494-B2EE-4EBF-A3B1-03C714E5B948}.Debug|Any CPU.ActiveCfg = Debug|Any CPU
		{473EC494-B2EE-4EBF-A3B1-03C714E5B948}.Debug|Any CPU.Build.0 = Debug|Any CPU
		{473EC494-B2EE-4EBF-A3B1-03C714E5B948}.Debug|x64.ActiveCfg = Debug|Any CPU
		{473EC494-B2EE-4EBF-A3B1-03C714E5B948}.Debug|x64.Build.0 = Debug|Any CPU
		{473EC494-B2EE-4EBF-A3B1-03C714E5B948}.Release|Any CPU.ActiveCfg = Release|Any CPU
		{473EC494-B2EE-4EBF-A3B1-03C714E5B948}.Release|Any CPU.Build.0 = Release|Any CPU
		{473EC494-B2EE-4EBF-A3B1-03C714E5B948}.Release|x64.ActiveCfg = Release|Any CPU
		{473EC494-B2EE-4EBF-A3B1-03C714E5B948}.Release|x64.Build.0 = Release|Any CPU
	EndGlobalSection
	GlobalSection(SolutionProperties) = preSolution
		HideSolutionNode = FALSE
	EndGlobalSection
	GlobalSection(ExtensibilityGlobals) = postSolution
		SolutionGuid = {E0B1E51A-C547-48E3-BCA9-3C6B4C6C0F61}
	EndGlobalSection
EndGlobal
